{
  "name": "asos-tracker",
  "version": "1.0.0",
  "lockfileVersion": 1,
  "requires": true,
  "dependencies": {
    "@types/lodash": {
      "version": "4.14.85",
      "resolved": "https://registry.npmjs.org/@types/lodash/-/lodash-4.14.85.tgz",
      "integrity": "sha512-HrZiwDl62if0z31+rB99CLlg7WzS7b+KmyW75XAHEl/ZG0De2ACo6skZ89Zh3jOWkjKObN0Apq3MUezg7u9NKQ==",
      "dev": true
    },
    "@types/node": {
      "version": "8.0.51",
      "resolved": "https://registry.npmjs.org/@types/node/-/node-8.0.51.tgz",
      "integrity": "sha512-El3+WJk2D/ppWNd2X05aiP5l2k4EwF7KwheknQZls+I26eSICoWRhRIJ56jGgw2dqNGQ5LtNajmBU2ajS28EvQ==",
      "dev": true
    },
    "@types/puppeteer": {
      "version": "0.12.4",
      "resolved": "https://registry.npmjs.org/@types/puppeteer/-/puppeteer-0.12.4.tgz",
      "integrity": "sha512-kXnk9ukVlMHFSAfNFIjMfGg9gMvL1VsmSL20YNP79O/FBM0R9xedSsV5r+oYifKpjg2mrH0FQiuLn91JYG9Vmw==",
      "dev": true,
      "requires": {
        "@types/node": "8.0.51"
      }
    }
  }
}
